<?xml version="1.0" encoding="utf-8"?>
<Project ToolsVersion="4.0" xmlns="http://schemas.microsoft.com/developer/msbuild/2003">
  <ItemGroup>
    <Filter Include="FrameWork">
      <UniqueIdentifier>{ad58c198-ea1c-4136-af70-832e4825458a}</UniqueIdentifier>
    </Filter>
    <Filter Include="Game Object">
      <UniqueIdentifier>{38bdf2a3-3c60-4cc4-93f9-8ee9c2cffcf6}</UniqueIdentifier>
    </Filter>
    <Filter Include="WindowMainForm">
      <UniqueIdentifier>{99907155-7040-49e4-a817-d5af252f32bf}</UniqueIdentifier>
    </Filter>
    <Filter Include="FrameWork\Animations">
      <UniqueIdentifier>{ba47a6b1-61cb-440b-87df-a26629024a2d}</UniqueIdentifier>
    </Filter>
    <Filter Include="FrameWork\Camera">
      <UniqueIdentifier>{3b1928c7-ed37-4036-b157-603a0fd80711}</UniqueIdentifier>
    </Filter>
    <Filter Include="FrameWork\Game">
      <UniqueIdentifier>{ab3db7a5-8f00-4c8e-bac0-f5f7da6f8448}</UniqueIdentifier>
    </Filter>
    <Filter Include="FrameWork\GameObject">
      <UniqueIdentifier>{3c03fef0-2555-43c0-90f5-667c85a5a35d}</UniqueIdentifier>
    </Filter>
    <Filter Include="FrameWork\KeyEventHandler">
      <UniqueIdentifier>{3ba19df9-67bf-4762-9063-1c23b106dc6d}</UniqueIdentifier>
    </Filter>
    <Filter Include="FrameWork\Map">
      <UniqueIdentifier>{068cb3c6-d746-4793-a25f-84b22aca6f46}</UniqueIdentifier>
    </Filter>
    <Filter Include="FrameWork\SceneManager">
      <UniqueIdentifier>{df119769-2eae-4e06-ab4e-d36ca29b6638}</UniqueIdentifier>
    </Filter>
    <Filter Include="FrameWork\Sound">
      <UniqueIdentifier>{d56b8275-0c04-4ef3-b16a-d8a8d4e11354}</UniqueIdentifier>
    </Filter>
    <Filter Include="FrameWork\Sprites">
      <UniqueIdentifier>{a506713a-9010-4278-9d64-a05f17914b33}</UniqueIdentifier>
    </Filter>
    <Filter Include="FrameWork\Textures">
      <UniqueIdentifier>{ab4f28d4-28c4-436d-99fd-8170e4d0a80d}</UniqueIdentifier>
    </Filter>
    <Filter Include="FrameWork\Utils">
      <UniqueIdentifier>{d9daf93a-2b3f-4ca9-9e13-c346888399f5}</UniqueIdentifier>
    </Filter>
    <Filter Include="FrameWork\define">
      <UniqueIdentifier>{c2dfa757-4b68-4843-bab3-04b6543242b9}</UniqueIdentifier>
    </Filter>
    <Filter Include="Game Object\Player">
      <UniqueIdentifier>{d12f2e00-1750-42d2-b3ea-6385c0bba89e}</UniqueIdentifier>
    </Filter>
    <Filter Include="Game Object\Enemy">
      <UniqueIdentifier>{94bc6703-8864-4684-87d2-4386c53e91e7}</UniqueIdentifier>
    </Filter>
    <Filter Include="Game Object\Brick">
      <UniqueIdentifier>{8765a0ca-1f5c-459f-9cb4-36533d84178c}</UniqueIdentifier>
    </Filter>
    <Filter Include="Game Object\Enemy\Goomba">
      <UniqueIdentifier>{7412fe67-a1a5-4e91-a19e-b12b888bcb3d}</UniqueIdentifier>
    </Filter>
    <Filter Include="Game Object\Enemy\Koopas">
      <UniqueIdentifier>{310a7c31-bcfd-4375-a325-dc5f758b20ef}</UniqueIdentifier>
    </Filter>
    <Filter Include="FrameWork\SceneManager\PlayScene">
      <UniqueIdentifier>{7b0adfd1-98d2-4363-a9df-4b28aad6f0e0}</UniqueIdentifier>
    </Filter>
    <Filter Include="Game Object\Portal">
      <UniqueIdentifier>{07f50227-0429-4c3d-9568-186fe27f184a}</UniqueIdentifier>
    </Filter>
    <Filter Include="Game Object\Platform">
      <UniqueIdentifier>{35372229-d938-45d5-8b33-cabb249e5edd}</UniqueIdentifier>
    </Filter>
    <Filter Include="Game Object\ColorBlock">
      <UniqueIdentifier>{d82f863c-8a89-48e7-b3fd-a07dee34e10f}</UniqueIdentifier>
    </Filter>
    <Filter Include="Game Object\FireBall">
      <UniqueIdentifier>{a9b257cd-6953-49c4-9fdc-e9b4d853fc98}</UniqueIdentifier>
    </Filter>
    <Filter Include="Game Object\Pipe">
      <UniqueIdentifier>{aef8aea9-e278-40bd-a750-041b86b0aabd}</UniqueIdentifier>
    </Filter>
    <Filter Include="Game Object\Plant">
      <UniqueIdentifier>{692880a8-b3bb-4e2d-abcc-e42fff4a0947}</UniqueIdentifier>
    </Filter>
    <Filter Include="Game Object\Brick\QuestionBrick">
      <UniqueIdentifier>{82c450aa-edd4-4830-82a0-6459e7aa1615}</UniqueIdentifier>
    </Filter>
    <Filter Include="Game Object\Brick\GoldBrick">
      <UniqueIdentifier>{984f5be0-12f2-4386-8b47-b47bc395b02a}</UniqueIdentifier>
    </Filter>
    <Filter Include="Game Object\Item">
      <UniqueIdentifier>{50194965-8690-4247-b4cc-580b2123fab0}</UniqueIdentifier>
    </Filter>
    <Filter Include="Game Object\Item\Coin">
      <UniqueIdentifier>{5542244e-8ee3-4272-98fe-f2abb84c6155}</UniqueIdentifier>
    </Filter>
    <Filter Include="Game Object\Item\PSwitch">
      <UniqueIdentifier>{60a36f2a-9548-4d09-8d90-5e2349673b3b}</UniqueIdentifier>
    </Filter>
    <Filter Include="Game Object\Item\Leaf">
      <UniqueIdentifier>{9c969a64-f238-4d2d-8432-c6e34da35ddd}</UniqueIdentifier>
    </Filter>
    <Filter Include="Game Object\Item\Mushroom">
      <UniqueIdentifier>{a1df22c2-08a7-4408-b653-cf9e57094439}</UniqueIdentifier>
    </Filter>
    <Filter Include="Game Object\Effect">
      <UniqueIdentifier>{eb333550-8a63-4eb1-a9b0-33d06605c01e}</UniqueIdentifier>
    </Filter>
    <Filter Include="Game Object\Effect\TailHit">
      <UniqueIdentifier>{1a47b8b9-0a21-41c7-8ebf-efeec8a8e3f3}</UniqueIdentifier>
    </Filter>
    <Filter Include="Game Object\Effect\BrokenBrick">
      <UniqueIdentifier>{6f4daa93-6600-4c0b-b4d0-27f9199a97b5}</UniqueIdentifier>
    </Filter>
    <Filter Include="Game Object\Effect\Point">
      <UniqueIdentifier>{d018ff24-c610-4d25-95ec-9fbf70c80045}</UniqueIdentifier>
    </Filter>
    <Filter Include="Game Object\Effect\Coin">
      <UniqueIdentifier>{15dd1a13-f517-4e6a-8e84-89a89750b759}</UniqueIdentifier>
    </Filter>
    <Filter Include="Game Object\Effect\1UP">
      <UniqueIdentifier>{f5ba84e4-68f6-452c-93c3-26026b85e8bd}</UniqueIdentifier>
    </Filter>
    <Filter Include="Game Object\Effect\Disappear">
      <UniqueIdentifier>{a9dc6c3e-69f5-477d-8f48-5dc8e1067c06}</UniqueIdentifier>
    </Filter>
    <Filter Include="Game Object\Box">
      <UniqueIdentifier>{8672c129-4744-4894-bcd3-8c7457bc103c}</UniqueIdentifier>
    </Filter>
    <Filter Include="FrameWork\HUD">
      <UniqueIdentifier>{27d8182e-3dad-4390-b026-57f1ea082ece}</UniqueIdentifier>
    </Filter>
    <Filter Include="FrameWork\HUD\Board">
      <UniqueIdentifier>{575c05ae-46c4-4f03-92b6-8e7dcc14fbb5}</UniqueIdentifier>
    </Filter>
    <Filter Include="FrameWork\HUD\Font">
      <UniqueIdentifier>{8fc94b85-3c71-45d0-bbeb-69054cb9ee39}</UniqueIdentifier>
    </Filter>
    <Filter Include="FrameWork\HUD\Power">
      <UniqueIdentifier>{5e1808c9-325a-41ee-9f3e-7d4ecff45c8b}</UniqueIdentifier>
    </Filter>
    <Filter Include="Game Object\ObjetWorldMap">
      <UniqueIdentifier>{a74154bb-948f-4139-a69e-8e0932f64a2c}</UniqueIdentifier>
    </Filter>
    <Filter Include="Game Object\ObjetWorldMap\Bush">
      <UniqueIdentifier>{c0364335-4251-43f8-a23d-053d2f92f5c2}</UniqueIdentifier>
    </Filter>
    <Filter Include="Game Object\ObjetWorldMap\Start">
      <UniqueIdentifier>{b0dea346-17d9-405d-8ec0-420e23c22a24}</UniqueIdentifier>
    </Filter>
    <Filter Include="Game Object\ObjetWorldMap\Scene">
      <UniqueIdentifier>{591265d9-6c26-4abe-9903-949f38f9e019}</UniqueIdentifier>
    </Filter>
    <Filter Include="Game Object\ObjetWorldMap\Card">
      <UniqueIdentifier>{3592e7d0-efe8-4f03-8cd3-bf473c51faa6}</UniqueIdentifier>
    </Filter>
    <Filter Include="Game Object\Brick\MusicBrick">
      <UniqueIdentifier>{7c38db65-4a4f-45e3-8713-dcea1475d935}</UniqueIdentifier>
    </Filter>
    <Filter Include="Game Object\Enemy\BoomerangBrother">
      <UniqueIdentifier>{dfcdecae-8ed2-431d-b881-b7cfcb68e4a7}</UniqueIdentifier>
    </Filter>
    <Filter Include="Game Object\Enemy\BoomerangBrother\Boomerang">
      <UniqueIdentifier>{764accb5-b4e5-454a-8eff-03390ee74fac}</UniqueIdentifier>
    </Filter>
    <Filter Include="Game Object\Enemy\Goomba\Poop">
      <UniqueIdentifier>{e0053570-667d-471e-8e0b-728f17900c5b}</UniqueIdentifier>
    </Filter>
    <Filter Include="FrameWork\SceneManager\IntroScene">
      <UniqueIdentifier>{6b03f5d7-d23d-431e-9624-2d12899a1d70}</UniqueIdentifier>
    </Filter>
    <Filter Include="Game Object\Brick\Brick">
      <UniqueIdentifier>{5b007fe4-be6d-430c-9f07-2bca2d1271c4}</UniqueIdentifier>
    </Filter>
    <Filter Include="FrameWork\SceneManager\Scence">
      <UniqueIdentifier>{72d7000a-ff27-4e82-bbf6-c11da498387b}</UniqueIdentifier>
    </Filter>
    <Filter Include="Game Object\ObjectIntro">
      <UniqueIdentifier>{51c637db-199f-4353-b31d-5d9fc6415257}</UniqueIdentifier>
    </Filter>
    <Filter Include="Game Object\ObjectIntro\Ground">
      <UniqueIdentifier>{9a4dfa1b-84b8-4613-8d43-610b224077e2}</UniqueIdentifier>
    </Filter>
    <Filter Include="Game Object\ObjectIntro\Curtain">
      <UniqueIdentifier>{2346fbb4-2934-457a-a9fd-8b6ada5bec66}</UniqueIdentifier>
    </Filter>
    <Filter Include="Game Object\ObjectIntro\Arrow">
      <UniqueIdentifier>{ce2c05b0-34b2-4216-9e25-bd8ec645e418}</UniqueIdentifier>
    </Filter>
    <Filter Include="Game Object\ObjectIntro\ShiningThree">
      <UniqueIdentifier>{201928d8-2040-4096-91db-66f871dde6b9}</UniqueIdentifier>
    </Filter>
  </ItemGroup>
  <ItemGroup>
    <ClCompile Include="Animations.cpp">
      <Filter>FrameWork\Animations</Filter>
    </ClCompile>
    <ClCompile Include="Game.cpp">
      <Filter>FrameWork\Game</Filter>
    </ClCompile>
    <ClCompile Include="GameObject.cpp">
      <Filter>FrameWork\GameObject</Filter>
    </ClCompile>
    <ClCompile Include="Goomba.cpp">
      <Filter>Game Object\Enemy\Goomba</Filter>
    </ClCompile>
    <ClCompile Include="Koopas.cpp">
      <Filter>Game Object\Enemy\Koopas</Filter>
    </ClCompile>
    <ClCompile Include="main.cpp">
      <Filter>WindowMainForm</Filter>
    </ClCompile>
    <ClCompile Include="Mario.cpp">
      <Filter>Game Object\Player</Filter>
    </ClCompile>
    <ClCompile Include="PlayScence.cpp">
      <Filter>FrameWork\SceneManager\PlayScene</Filter>
    </ClCompile>
    <ClCompile Include="Portal.cpp">
      <Filter>Game Object\Portal</Filter>
    </ClCompile>
    <ClCompile Include="Sprites.cpp">
      <Filter>FrameWork\Sprites</Filter>
    </ClCompile>
    <ClCompile Include="Textures.cpp">
      <Filter>FrameWork\Textures</Filter>
    </ClCompile>
    <ClCompile Include="Utils.cpp">
      <Filter>FrameWork\Utils</Filter>
    </ClCompile>
    <ClCompile Include="Map.cpp">
      <Filter>FrameWork\Map</Filter>
    </ClCompile>
    <ClCompile Include="Camera.cpp">
      <Filter>FrameWork\Camera</Filter>
    </ClCompile>
    <ClCompile Include="Platform.cpp">
      <Filter>Game Object\Platform</Filter>
    </ClCompile>
    <ClCompile Include="ColorBlock.cpp">
      <Filter>Game Object\ColorBlock</Filter>
    </ClCompile>
    <ClCompile Include="FireBall.cpp">
      <Filter>Game Object\FireBall</Filter>
    </ClCompile>
    <ClCompile Include="Pipe.cpp">
      <Filter>Game Object\Pipe</Filter>
    </ClCompile>
    <ClCompile Include="FirePlant.cpp">
      <Filter>Game Object\Plant</Filter>
    </ClCompile>
    <ClCompile Include="QuestionBrick.cpp">
      <Filter>Game Object\Brick\QuestionBrick</Filter>
    </ClCompile>
    <ClCompile Include="GoldBrick.cpp">
      <Filter>Game Object\Brick\GoldBrick</Filter>
    </ClCompile>
    <ClCompile Include="Coin.cpp">
      <Filter>Game Object\Item\Coin</Filter>
    </ClCompile>
    <ClCompile Include="PSwitch.cpp">
      <Filter>Game Object\Item\PSwitch</Filter>
    </ClCompile>
    <ClCompile Include="Leaf.cpp">
      <Filter>Game Object\Item\Leaf</Filter>
    </ClCompile>
    <ClCompile Include="Mushroom.cpp">
      <Filter>Game Object\Item\Mushroom</Filter>
    </ClCompile>
    <ClCompile Include="Effect1Up.cpp">
      <Filter>Game Object\Effect\1UP</Filter>
    </ClCompile>
    <ClCompile Include="EffectBrokenBrick.cpp">
      <Filter>Game Object\Effect\BrokenBrick</Filter>
    </ClCompile>
    <ClCompile Include="EffectCoin.cpp">
      <Filter>Game Object\Effect\Coin</Filter>
    </ClCompile>
    <ClCompile Include="EffectDisappear.cpp">
      <Filter>Game Object\Effect\Disappear</Filter>
    </ClCompile>
    <ClCompile Include="EffectPoint.cpp">
      <Filter>Game Object\Effect\Point</Filter>
    </ClCompile>
    <ClCompile Include="EffectTailHit.cpp">
      <Filter>Game Object\Effect\TailHit</Filter>
    </ClCompile>
    <ClCompile Include="Box.cpp">
      <Filter>Game Object\Box</Filter>
    </ClCompile>
    <ClCompile Include="Board.cpp">
      <Filter>FrameWork\HUD\Board</Filter>
    </ClCompile>
    <ClCompile Include="Font.cpp">
      <Filter>FrameWork\HUD\Font</Filter>
    </ClCompile>
    <ClCompile Include="Bush.cpp">
      <Filter>Game Object\ObjetWorldMap\Bush</Filter>
    </ClCompile>
    <ClCompile Include="Card.cpp">
      <Filter>Game Object\ObjetWorldMap\Card</Filter>
    </ClCompile>
    <ClCompile Include="Start.cpp">
      <Filter>Game Object\ObjetWorldMap\Start</Filter>
    </ClCompile>
    <ClCompile Include="Scene.cpp">
      <Filter>Game Object\ObjetWorldMap\Scene</Filter>
    </ClCompile>
    <ClCompile Include="MusicBrick.cpp">
      <Filter>Game Object\Brick\MusicBrick</Filter>
    </ClCompile>
    <ClCompile Include="Boomerang.cpp">
      <Filter>Game Object\Enemy\BoomerangBrother\Boomerang</Filter>
    </ClCompile>
    <ClCompile Include="BoomerangBrother.cpp">
      <Filter>Game Object\Enemy\BoomerangBrother</Filter>
    </ClCompile>
    <ClCompile Include="Poop.cpp">
      <Filter>Game Object\Enemy\Goomba\Poop</Filter>
    </ClCompile>
    <ClCompile Include="IntroScene.cpp">
      <Filter>FrameWork\SceneManager\IntroScene</Filter>
    </ClCompile>
    <ClCompile Include="Brick.cpp">
      <Filter>Game Object\Brick\Brick</Filter>
    </ClCompile>
    <ClCompile Include="Scence.cpp">
      <Filter>FrameWork\SceneManager\Scence</Filter>
    </ClCompile>
    <ClCompile Include="Ground.cpp">
      <Filter>Game Object\ObjectIntro\Ground</Filter>
    </ClCompile>
    <ClCompile Include="Curtain.cpp">
      <Filter>Game Object\ObjectIntro\Curtain</Filter>
    </ClCompile>
    <ClCompile Include="Arrow.cpp">
      <Filter>Game Object\ObjectIntro\Arrow</Filter>
    </ClCompile>
    <ClCompile Include="ShiningThree.cpp">
      <Filter>Game Object\ObjectIntro\ShiningThree</Filter>
    </ClCompile>
  </ItemGroup>
  <ItemGroup>
    <ClInclude Include="Animations.h">
      <Filter>FrameWork\Animations</Filter>
    </ClInclude>
    <ClInclude Include="Game.h">
      <Filter>FrameWork\Game</Filter>
    </ClInclude>
    <ClInclude Include="GameObject.h">
      <Filter>FrameWork\GameObject</Filter>
    </ClInclude>
    <ClInclude Include="KeyEventHandler.h">
      <Filter>FrameWork\KeyEventHandler</Filter>
    </ClInclude>
    <ClInclude Include="Goomba.h">
      <Filter>Game Object\Enemy\Goomba</Filter>
    </ClInclude>
    <ClInclude Include="Koopas.h">
      <Filter>Game Object\Enemy\Koopas</Filter>
    </ClInclude>
    <ClInclude Include="Mario.h">
      <Filter>Game Object\Player</Filter>
    </ClInclude>
    <ClInclude Include="PlayScence.h">
      <Filter>FrameWork\SceneManager\PlayScene</Filter>
    </ClInclude>
    <ClInclude Include="Portal.h">
      <Filter>Game Object\Portal</Filter>
    </ClInclude>
    <ClInclude Include="Sprites.h">
      <Filter>FrameWork\Sprites</Filter>
    </ClInclude>
    <ClInclude Include="Textures.h">
      <Filter>FrameWork\Textures</Filter>
    </ClInclude>
    <ClInclude Include="Utils.h">
      <Filter>FrameWork\Utils</Filter>
    </ClInclude>
    <ClInclude Include="define.h">
      <Filter>FrameWork\define</Filter>
    </ClInclude>
    <ClInclude Include="Map.h">
      <Filter>FrameWork\Map</Filter>
    </ClInclude>
    <ClInclude Include="Camera.h">
      <Filter>FrameWork\Camera</Filter>
    </ClInclude>
    <ClInclude Include="Platform.h">
      <Filter>Game Object\Platform</Filter>
    </ClInclude>
    <ClInclude Include="ColorBlock.h">
      <Filter>Game Object\ColorBlock</Filter>
    </ClInclude>
    <ClInclude Include="FireBall.h">
      <Filter>Game Object\FireBall</Filter>
    </ClInclude>
    <ClInclude Include="Pipe.h">
      <Filter>Game Object\Pipe</Filter>
    </ClInclude>
    <ClInclude Include="FirePlant.h">
      <Filter>Game Object\Plant</Filter>
    </ClInclude>
    <ClInclude Include="QuestionBrick.h">
      <Filter>Game Object\Brick\QuestionBrick</Filter>
    </ClInclude>
    <ClInclude Include="GoldBrick.h">
      <Filter>Game Object\Brick\GoldBrick</Filter>
    </ClInclude>
    <ClInclude Include="Coin.h">
      <Filter>Game Object\Item\Coin</Filter>
    </ClInclude>
    <ClInclude Include="PSwitch.h">
      <Filter>Game Object\Item\PSwitch</Filter>
    </ClInclude>
    <ClInclude Include="Leaf.h">
      <Filter>Game Object\Item\Leaf</Filter>
    </ClInclude>
    <ClInclude Include="Mushroom.h">
      <Filter>Game Object\Item\Mushroom</Filter>
    </ClInclude>
    <ClInclude Include="Effect1Up.h">
      <Filter>Game Object\Effect\1UP</Filter>
    </ClInclude>
    <ClInclude Include="EffectBrokenBrick.h">
      <Filter>Game Object\Effect\BrokenBrick</Filter>
    </ClInclude>
    <ClInclude Include="EffectCoin.h">
      <Filter>Game Object\Effect\Coin</Filter>
    </ClInclude>
    <ClInclude Include="EffectDisappear.h">
      <Filter>Game Object\Effect\Disappear</Filter>
    </ClInclude>
    <ClInclude Include="EffectPoint.h">
      <Filter>Game Object\Effect\Point</Filter>
    </ClInclude>
    <ClInclude Include="EffectTailHit.h">
      <Filter>Game Object\Effect\TailHit</Filter>
    </ClInclude>
    <ClInclude Include="Box.h">
      <Filter>Game Object\Box</Filter>
    </ClInclude>
    <ClInclude Include="Board.h">
      <Filter>FrameWork\HUD\Board</Filter>
    </ClInclude>
    <ClInclude Include="Font.h">
      <Filter>FrameWork\HUD\Font</Filter>
    </ClInclude>
    <ClInclude Include="Bush.h">
      <Filter>Game Object\ObjetWorldMap\Bush</Filter>
    </ClInclude>
    <ClInclude Include="Card.h">
      <Filter>Game Object\ObjetWorldMap\Card</Filter>
    </ClInclude>
    <ClInclude Include="Start.h">
      <Filter>Game Object\ObjetWorldMap\Start</Filter>
    </ClInclude>
    <ClInclude Include="Scene.h">
      <Filter>Game Object\ObjetWorldMap\Scene</Filter>
    </ClInclude>
    <ClInclude Include="MusicBrick.h">
      <Filter>Game Object\Brick\MusicBrick</Filter>
    </ClInclude>
    <ClInclude Include="Boomerang.h">
      <Filter>Game Object\Enemy\BoomerangBrother\Boomerang</Filter>
    </ClInclude>
    <ClInclude Include="BoomerangBrother.h">
      <Filter>Game Object\Enemy\BoomerangBrother</Filter>
    </ClInclude>
    <ClInclude Include="Poop.h">
      <Filter>Game Object\Enemy\Goomba\Poop</Filter>
    </ClInclude>
    <ClInclude Include="IntroScene.h">
      <Filter>FrameWork\SceneManager\IntroScene</Filter>
    </ClInclude>
    <ClInclude Include="Brick.h">
      <Filter>Game Object\Brick\Brick</Filter>
    </ClInclude>
    <ClInclude Include="Scence.h">
      <Filter>FrameWork\SceneManager\Scence</Filter>
    </ClInclude>
    <ClInclude Include="Ground.h">
      <Filter>Game Object\ObjectIntro\Ground</Filter>
    </ClInclude>
    <ClInclude Include="Curtain.h">
      <Filter>Game Object\ObjectIntro\Curtain</Filter>
    </ClInclude>
    <ClInclude Include="Arrow.h">
      <Filter>Game Object\ObjectIntro\Arrow</Filter>
    </ClInclude>
    <ClInclude Include="ShiningThree.h">
      <Filter>Game Object\ObjectIntro\ShiningThree</Filter>
    </ClInclude>
  </ItemGroup>
</Project>